
Microsoft Visual Studio Solution File, Format Version 12.00
# Visual Studio Version 17
VisualStudioVersion = 17.9.34723.18
MinimumVisualStudioVersion = 10.0.40219.1
Project("{FAE04EC0-301F-11D3-BF4B-00C04F79EFBC}") = "snakeProject", "snakeProject\snakeProject.csproj", "{3881CC52-0B37-4061-B589-295344E05515}"
EndProject
Global
	GlobalSection(SolutionConfigurationPlatforms) = preSolution
		Debug|Any CPU = Debug|Any CPU
		Release|Any CPU = Release|Any CPU
	EndGlobalSection
	GlobalSection(ProjectConfigurationPlatforms) = postSolution
		{3881CC52-0B37-4061-B589-295344E05515}.Debug|Any CPU.ActiveCfg = Debug|Any CPU
		{3881CC52-0B37-4061-B589-295344E05515}.Debug|Any CPU.Build.0 = Debug|Any CPU
		{3881CC52-0B37-4061-B589-295344E05515}.Release|Any CPU.ActiveCfg = Release|Any CPU
		{3881CC52-0B37-4061-B589-295344E05515}.Release|Any CPU.Build.0 = Release|Any CPU
	EndGlobalSection
	GlobalSection(SolutionProperties) = preSolution
		HideSolutionNode = FALSE
	EndGlobalSection
	GlobalSection(ExtensibilityGlobals) = postSolution
		SolutionGuid = {4E340F31-3E53-460F-B29A-C5178D2A3C0A}
	EndGlobalSection
EndGlobal
